
Microsoft Visual Studio Solution File, Format Version 12.00
# Visual Studio Version 17
Project("{FAE04EC0-301F-11D3-BF4B-00C04F79EFBC}") = "SmartPerformanceDoctor.App", "src\SmartPerformanceDoctor.App\SmartPerformanceDoctor.App.csproj", "{A1B2C3D4-E5F6-7890-ABCD-EF1234567890}"
EndProject
Project("{FAE04EC0-301F-11D3-BF4B-00C04F79EFBC}") = "SmartPerformanceDoctor.Contracts", "src\SmartPerformanceDoctor.Contracts\SmartPerformanceDoctor.Contracts.csproj", "{B2C3D4E5-F6A7-8901-BCDE-F12345678901}"
EndProject
Project("{FAE04EC0-301F-11D3-BF4B-00C04F79EFBC}") = "SmartPerformanceDoctor.Data", "src\SmartPerformanceDoctor.Data\SmartPerformanceDoctor.Data.csproj", "{C3D4E5F6-A7B8-9012-CDEF-123456789012}"
EndProject
Project("{FAE04EC0-301F-11D3-BF4B-00C04F79EFBC}") = "SmartPerformanceDoctor.Tests", "tests\SmartPerformanceDoctor.Tests\SmartPerformanceDoctor.Tests.csproj", "{D4E5F6A7-B8C9-0123-DEF0-234567890123}"
EndProject
Project("{FAE04EC0-301F-11D3-BF4B-00C04F79EFBC}") = "SmartPerformanceDoctor.Setup", "src\SmartPerformanceDoctor.Setup\SmartPerformanceDoctor.Setup.csproj", "{E5F6A7B8-C9D0-1234-EF01-345678901234}"
EndProject
Project("{FAE04EC0-301F-11D3-BF4B-00C04F79EFBC}") = "SmartPerformanceDoctor.Aegis", "src\SmartPerformanceDoctor.Aegis\SmartPerformanceDoctor.Aegis.csproj", "{F6A7B8C9-D0E1-2345-F012-456789012345}"
EndProject
Project("{FAE04EC0-301F-11D3-BF4B-00C04F79EFBC}") = "SmartPerformanceDoctor.AegisRecoveryHelper", "src\SmartPerformanceDoctor.AegisRecoveryHelper\SmartPerformanceDoctor.AegisRecoveryHelper.csproj", "{A7B8C9D0-E1F2-3456-0123-567890123456}"
EndProject
Project("{FAE04EC0-301F-11D3-BF4B-00C04F79EFBC}") = "SmartPerformanceDoctor.AegisRecoveryService", "src\SmartPerformanceDoctor.AegisRecoveryService\SmartPerformanceDoctor.AegisRecoveryService.csproj", "{B8C9D0E1-F2A3-4567-1234-678901234567}"
EndProject
Project("{2150E333-8FDC-42A3-9474-1A3956D46DE8}") = "src", "src", "{827E0CD3-B72D-47B6-A68D-7590B98EB39B}"
EndProject
Project("{FAE04EC0-301F-11D3-BF4B-00C04F79EFBC}") = "SmartPerformanceDoctor.AstraVault", "src\SmartPerformanceDoctor.AstraVault\SmartPerformanceDoctor.AstraVault.csproj", "{D293BE7B-34F0-4EE7-807C-AE69302EDBE8}"
EndProject
Project("{2150E333-8FDC-42A3-9474-1A3956D46DE8}") = "tests", "tests", "{0AB3BF05-4346-4AA6-1389-037BE0695223}"
EndProject
Project("{FAE04EC0-301F-11D3-BF4B-00C04F79EFBC}") = "SmartPerformanceDoctor.AstraVault.KillWorker", "tests\SmartPerformanceDoctor.AstraVault.KillWorker\SmartPerformanceDoctor.AstraVault.KillWorker.csproj", "{62E9643A-51B9-4AB4-BEA7-1CCE010C4682}"
EndProject
Project("{FAE04EC0-301F-11D3-BF4B-00C04F79EFBC}") = "SmartPerformanceDoctor.SecurityLab", "src\SmartPerformanceDoctor.SecurityLab\SmartPerformanceDoctor.SecurityLab.csproj", "{9EB04130-4DE1-413E-ADEE-22591EDA4842}"
EndProject
Project("{FAE04EC0-301F-11D3-BF4B-00C04F79EFBC}") = "SmartPerformanceDoctor.SecurityLab.Tests", "tests\SmartPerformanceDoctor.SecurityLab.Tests\SmartPerformanceDoctor.SecurityLab.Tests.csproj", "{F2F341D8-9EF7-48AC-85D5-98BBE2D6CE45}"
EndProject
Project("{FAE04EC0-301F-11D3-BF4B-00C04F79EFBC}") = "SmartPerformanceDoctor.SecurityLab.Cli", "tools\SmartPerformanceDoctor.SecurityLab.Cli\SmartPerformanceDoctor.SecurityLab.Cli.csproj", "{327395D4-8F81-4BE6-A517-70A684EA0129}"
EndProject
Global
	GlobalSection(SolutionConfigurationPlatforms) = preSolution
		Debug|Any CPU = Debug|Any CPU
		Debug|x64 = Debug|x64
		Debug|x86 = Debug|x86
		Release|Any CPU = Release|Any CPU
		Release|x64 = Release|x64
		Release|x86 = Release|x86
	EndGlobalSection
	GlobalSection(ProjectConfigurationPlatforms) = postSolution
		{A1B2C3D4-E5F6-7890-ABCD-EF1234567890}.Debug|Any CPU.ActiveCfg = Debug|Any CPU
		{A1B2C3D4-E5F6-7890-ABCD-EF1234567890}.Debug|Any CPU.Build.0 = Debug|Any CPU
		{A1B2C3D4-E5F6-7890-ABCD-EF1234567890}.Debug|x64.ActiveCfg = Debug|x64
		{A1B2C3D4-E5F6-7890-ABCD-EF1234567890}.Debug|x64.Build.0 = Debug|x64
		{A1B2C3D4-E5F6-7890-ABCD-EF1234567890}.Debug|x86.ActiveCfg = Debug|Any CPU
		{A1B2C3D4-E5F6-7890-ABCD-EF1234567890}.Debug|x86.Build.0 = Debug|Any CPU
		{A1B2C3D4-E5F6-7890-ABCD-EF1234567890}.Release|Any CPU.ActiveCfg = Release|Any CPU
		{A1B2C3D4-E5F6-7890-ABCD-EF1234567890}.Release|Any CPU.Build.0 = Release|Any CPU
		{A1B2C3D4-E5F6-7890-ABCD-EF1234567890}.Release|x64.ActiveCfg = Release|x64
		{A1B2C3D4-E5F6-7890-ABCD-EF1234567890}.Release|x64.Build.0 = Release|x64
		{A1B2C3D4-E5F6-7890-ABCD-EF1234567890}.Release|x86.ActiveCfg = Release|Any CPU
		{A1B2C3D4-E5F6-7890-ABCD-EF1234567890}.Release|x86.Build.0 = Release|Any CPU
		{B2C3D4E5-F6A7-8901-BCDE-F12345678901}.Debug|Any CPU.ActiveCfg = Debug|Any CPU
		{B2C3D4E5-F6A7-8901-BCDE-F12345678901}.Debug|Any CPU.Build.0 = Debug|Any CPU
		{B2C3D4E5-F6A7-8901-BCDE-F12345678901}.Debug|x64.ActiveCfg = Release|Any CPU
		{B2C3D4E5-F6A7-8901-BCDE-F12345678901}.Debug|x64.Build.0 = Release|Any CPU
		{B2C3D4E5-F6A7-8901-BCDE-F12345678901}.Debug|x86.ActiveCfg = Debug|Any CPU
		{B2C3D4E5-F6A7-8901-BCDE-F12345678901}.Debug|x86.Build.0 = Debug|Any CPU
		{B2C3D4E5-F6A7-8901-BCDE-F12345678901}.Release|Any CPU.ActiveCfg = Release|Any CPU
		{B2C3D4E5-F6A7-8901-BCDE-F12345678901}.Release|Any CPU.Build.0 = Release|Any CPU
		{B2C3D4E5-F6A7-8901-BCDE-F12345678901}.Release|x64.ActiveCfg = Release|Any CPU
		{B2C3D4E5-F6A7-8901-BCDE-F12345678901}.Release|x64.Build.0 = Release|Any CPU
		{B2C3D4E5-F6A7-8901-BCDE-F12345678901}.Release|x86.ActiveCfg = Release|Any CPU
		{B2C3D4E5-F6A7-8901-BCDE-F12345678901}.Release|x86.Build.0 = Release|Any CPU
		{C3D4E5F6-A7B8-9012-CDEF-123456789012}.Debug|Any CPU.ActiveCfg = Debug|Any CPU
		{C3D4E5F6-A7B8-9012-CDEF-123456789012}.Debug|Any CPU.Build.0 = Debug|Any CPU
		{C3D4E5F6-A7B8-9012-CDEF-123456789012}.Debug|x64.ActiveCfg = Release|Any CPU
		{C3D4E5F6-A7B8-9012-CDEF-123456789012}.Debug|x64.Build.0 = Release|Any CPU
		{C3D4E5F6-A7B8-9012-CDEF-123456789012}.Debug|x86.ActiveCfg = Debug|Any CPU
		{C3D4E5F6-A7B8-9012-CDEF-123456789012}.Debug|x86.Build.0 = Debug|Any CPU
		{C3D4E5F6-A7B8-9012-CDEF-123456789012}.Release|Any CPU.ActiveCfg = Release|Any CPU
		{C3D4E5F6-A7B8-9012-CDEF-123456789012}.Release|Any CPU.Build.0 = Release|Any CPU
		{C3D4E5F6-A7B8-9012-CDEF-123456789012}.Release|x64.ActiveCfg = Release|Any CPU
		{C3D4E5F6-A7B8-9012-CDEF-123456789012}.Release|x64.Build.0 = Release|Any CPU
		{C3D4E5F6-A7B8-9012-CDEF-123456789012}.Release|x86.ActiveCfg = Release|Any CPU
		{C3D4E5F6-A7B8-9012-CDEF-123456789012}.Release|x86.Build.0 = Release|Any CPU
		{D4E5F6A7-B8C9-0123-DEF0-234567890123}.Debug|Any CPU.ActiveCfg = Debug|Any CPU
		{D4E5F6A7-B8C9-0123-DEF0-234567890123}.Debug|Any CPU.Build.0 = Debug|Any CPU
		{D4E5F6A7-B8C9-0123-DEF0-234567890123}.Debug|x64.ActiveCfg = Release|Any CPU
		{D4E5F6A7-B8C9-0123-DEF0-234567890123}.Debug|x64.Build.0 = Release|Any CPU
		{D4E5F6A7-B8C9-0123-DEF0-234567890123}.Debug|x86.ActiveCfg = Debug|Any CPU
		{D4E5F6A7-B8C9-0123-DEF0-234567890123}.Debug|x86.Build.0 = Debug|Any CPU
		{D4E5F6A7-B8C9-0123-DEF0-234567890123}.Release|Any CPU.ActiveCfg = Release|Any CPU
		{D4E5F6A7-B8C9-0123-DEF0-234567890123}.Release|Any CPU.Build.0 = Release|Any CPU
		{D4E5F6A7-B8C9-0123-DEF0-234567890123}.Release|x64.ActiveCfg = Release|Any CPU
		{D4E5F6A7-B8C9-0123-DEF0-234567890123}.Release|x64.Build.0 = Release|Any CPU
		{D4E5F6A7-B8C9-0123-DEF0-234567890123}.Release|x86.ActiveCfg = Release|Any CPU
		{D4E5F6A7-B8C9-0123-DEF0-234567890123}.Release|x86.Build.0 = Release|Any CPU
		{E5F6A7B8-C9D0-1234-EF01-345678901234}.Debug|Any CPU.ActiveCfg = Debug|Any CPU
		{E5F6A7B8-C9D0-1234-EF01-345678901234}.Debug|Any CPU.Build.0 = Debug|Any CPU
		{E5F6A7B8-C9D0-1234-EF01-345678901234}.Debug|x64.ActiveCfg = Debug|x64
		{E5F6A7B8-C9D0-1234-EF01-345678901234}.Debug|x64.Build.0 = Debug|x64
		{E5F6A7B8-C9D0-1234-EF01-345678901234}.Debug|x86.ActiveCfg = Debug|Any CPU
		{E5F6A7B8-C9D0-1234-EF01-345678901234}.Debug|x86.Build.0 = Debug|Any CPU
		{E5F6A7B8-C9D0-1234-EF01-345678901234}.Release|Any CPU.ActiveCfg = Release|Any CPU
		{E5F6A7B8-C9D0-1234-EF01-345678901234}.Release|Any CPU.Build.0 = Release|Any CPU
		{E5F6A7B8-C9D0-1234-EF01-345678901234}.Release|x64.ActiveCfg = Release|x64
		{E5F6A7B8-C9D0-1234-EF01-345678901234}.Release|x64.Build.0 = Release|x64
		{E5F6A7B8-C9D0-1234-EF01-345678901234}.Release|x86.ActiveCfg = Release|Any CPU
		{E5F6A7B8-C9D0-1234-EF01-345678901234}.Release|x86.Build.0 = Release|Any CPU
		{F6A7B8C9-D0E1-2345-F012-456789012345}.Debug|Any CPU.ActiveCfg = Debug|Any CPU
		{F6A7B8C9-D0E1-2345-F012-456789012345}.Debug|Any CPU.Build.0 = Debug|Any CPU
		{F6A7B8C9-D0E1-2345-F012-456789012345}.Debug|x64.ActiveCfg = Debug|Any CPU
		{F6A7B8C9-D0E1-2345-F012-456789012345}.Debug|x64.Build.0 = Debug|Any CPU
		{F6A7B8C9-D0E1-2345-F012-456789012345}.Debug|x86.ActiveCfg = Debug|Any CPU
		{F6A7B8C9-D0E1-2345-F012-456789012345}.Debug|x86.Build.0 = Debug|Any CPU
		{F6A7B8C9-D0E1-2345-F012-456789012345}.Release|Any CPU.ActiveCfg = Release|Any CPU
		{F6A7B8C9-D0E1-2345-F012-456789012345}.Release|Any CPU.Build.0 = Release|Any CPU
		{F6A7B8C9-D0E1-2345-F012-456789012345}.Release|x64.ActiveCfg = Release|Any CPU
		{F6A7B8C9-D0E1-2345-F012-456789012345}.Release|x64.Build.0 = Release|Any CPU
		{F6A7B8C9-D0E1-2345-F012-456789012345}.Release|x86.ActiveCfg = Release|Any CPU
		{F6A7B8C9-D0E1-2345-F012-456789012345}.Release|x86.Build.0 = Release|Any CPU
		{A7B8C9D0-E1F2-3456-0123-567890123456}.Debug|Any CPU.ActiveCfg = Debug|Any CPU
		{A7B8C9D0-E1F2-3456-0123-567890123456}.Debug|Any CPU.Build.0 = Debug|Any CPU
		{A7B8C9D0-E1F2-3456-0123-567890123456}.Debug|x64.ActiveCfg = Debug|x64
		{A7B8C9D0-E1F2-3456-0123-567890123456}.Debug|x64.Build.0 = Debug|x64
		{A7B8C9D0-E1F2-3456-0123-567890123456}.Debug|x86.ActiveCfg = Debug|Any CPU
		{A7B8C9D0-E1F2-3456-0123-567890123456}.Debug|x86.Build.0 = Debug|Any CPU
		{A7B8C9D0-E1F2-3456-0123-567890123456}.Release|Any CPU.ActiveCfg = Release|Any CPU
		{A7B8C9D0-E1F2-3456-0123-567890123456}.Release|Any CPU.Build.0 = Release|Any CPU
		{A7B8C9D0-E1F2-3456-0123-567890123456}.Release|x64.ActiveCfg = Release|x64
		{A7B8C9D0-E1F2-3456-0123-567890123456}.Release|x64.Build.0 = Release|x64
		{A7B8C9D0-E1F2-3456-0123-567890123456}.Release|x86.ActiveCfg = Release|Any CPU
		{A7B8C9D0-E1F2-3456-0123-567890123456}.Release|x86.Build.0 = Release|Any CPU
		{B8C9D0E1-F2A3-4567-1234-678901234567}.Debug|Any CPU.ActiveCfg = Debug|Any CPU
		{B8C9D0E1-F2A3-4567-1234-678901234567}.Debug|Any CPU.Build.0 = Debug|Any CPU
		{B8C9D0E1-F2A3-4567-1234-678901234567}.Debug|x64.ActiveCfg = Debug|x64
		{B8C9D0E1-F2A3-4567-1234-678901234567}.Debug|x64.Build.0 = Debug|x64
		{B8C9D0E1-F2A3-4567-1234-678901234567}.Debug|x86.ActiveCfg = Debug|Any CPU
		{B8C9D0E1-F2A3-4567-1234-678901234567}.Debug|x86.Build.0 = Debug|Any CPU
		{B8C9D0E1-F2A3-4567-1234-678901234567}.Release|Any CPU.ActiveCfg = Release|Any CPU
		{B8C9D0E1-F2A3-4567-1234-678901234567}.Release|Any CPU.Build.0 = Release|Any CPU
		{B8C9D0E1-F2A3-4567-1234-678901234567}.Release|x64.ActiveCfg = Release|x64
		{B8C9D0E1-F2A3-4567-1234-678901234567}.Release|x64.Build.0 = Release|x64
		{B8C9D0E1-F2A3-4567-1234-678901234567}.Release|x86.ActiveCfg = Release|Any CPU
		{B8C9D0E1-F2A3-4567-1234-678901234567}.Release|x86.Build.0 = Release|Any CPU
		{D293BE7B-34F0-4EE7-807C-AE69302EDBE8}.Debug|Any CPU.ActiveCfg = Debug|x64
		{D293BE7B-34F0-4EE7-807C-AE69302EDBE8}.Debug|Any CPU.Build.0 = Debug|x64
		{D293BE7B-34F0-4EE7-807C-AE69302EDBE8}.Debug|x64.ActiveCfg = Debug|x64
		{D293BE7B-34F0-4EE7-807C-AE69302EDBE8}.Debug|x64.Build.0 = Debug|x64
		{D293BE7B-34F0-4EE7-807C-AE69302EDBE8}.Debug|x86.ActiveCfg = Debug|x64
		{D293BE7B-34F0-4EE7-807C-AE69302EDBE8}.Debug|x86.Build.0 = Debug|x64
		{D293BE7B-34F0-4EE7-807C-AE69302EDBE8}.Release|Any CPU.ActiveCfg = Release|x64
		{D293BE7B-34F0-4EE7-807C-AE69302EDBE8}.Release|Any CPU.Build.0 = Release|x64
		{D293BE7B-34F0-4EE7-807C-AE69302EDBE8}.Release|x64.ActiveCfg = Release|x64
		{D293BE7B-34F0-4EE7-807C-AE69302EDBE8}.Release|x64.Build.0 = Release|x64
		{D293BE7B-34F0-4EE7-807C-AE69302EDBE8}.Release|x86.ActiveCfg = Release|x64
		{D293BE7B-34F0-4EE7-807C-AE69302EDBE8}.Release|x86.Build.0 = Release|x64
		{62E9643A-51B9-4AB4-BEA7-1CCE010C4682}.Debug|Any CPU.ActiveCfg = Debug|x64
		{62E9643A-51B9-4AB4-BEA7-1CCE010C4682}.Debug|Any CPU.Build.0 = Debug|x64
		{62E9643A-51B9-4AB4-BEA7-1CCE010C4682}.Debug|x64.ActiveCfg = Debug|x64
		{62E9643A-51B9-4AB4-BEA7-1CCE010C4682}.Debug|x64.Build.0 = Debug|x64
		{62E9643A-51B9-4AB4-BEA7-1CCE010C4682}.Debug|x86.ActiveCfg = Debug|x64
		{62E9643A-51B9-4AB4-BEA7-1CCE010C4682}.Debug|x86.Build.0 = Debug|x64
		{62E9643A-51B9-4AB4-BEA7-1CCE010C4682}.Release|Any CPU.ActiveCfg = Release|x64
		{62E9643A-51B9-4AB4-BEA7-1CCE010C4682}.Release|Any CPU.Build.0 = Release|x64
		{62E9643A-51B9-4AB4-BEA7-1CCE010C4682}.Release|x64.ActiveCfg = Release|x64
		{62E9643A-51B9-4AB4-BEA7-1CCE010C4682}.Release|x64.Build.0 = Release|x64
		{62E9643A-51B9-4AB4-BEA7-1CCE010C4682}.Release|x86.ActiveCfg = Release|x64
		{62E9643A-51B9-4AB4-BEA7-1CCE010C4682}.Release|x86.Build.0 = Release|x64
		{9EB04130-4DE1-413E-ADEE-22591EDA4842}.Debug|Any CPU.ActiveCfg = Debug|Any CPU
		{9EB04130-4DE1-413E-ADEE-22591EDA4842}.Debug|Any CPU.Build.0 = Debug|Any CPU
		{9EB04130-4DE1-413E-ADEE-22591EDA4842}.Debug|x64.ActiveCfg = Debug|Any CPU
		{9EB04130-4DE1-413E-ADEE-22591EDA4842}.Debug|x64.Build.0 = Debug|Any CPU
		{9EB04130-4DE1-413E-ADEE-22591EDA4842}.Debug|x86.ActiveCfg = Debug|Any CPU
		{9EB04130-4DE1-413E-ADEE-22591EDA4842}.Debug|x86.Build.0 = Debug|Any CPU
		{9EB04130-4DE1-413E-ADEE-22591EDA4842}.Release|Any CPU.ActiveCfg = Release|Any CPU
		{9EB04130-4DE1-413E-ADEE-22591EDA4842}.Release|Any CPU.Build.0 = Release|Any CPU
		{9EB04130-4DE1-413E-ADEE-22591EDA4842}.Release|x64.ActiveCfg = Release|Any CPU
		{9EB04130-4DE1-413E-ADEE-22591EDA4842}.Release|x64.Build.0 = Release|Any CPU
		{9EB04130-4DE1-413E-ADEE-22591EDA4842}.Release|x86.ActiveCfg = Release|Any CPU
		{9EB04130-4DE1-413E-ADEE-22591EDA4842}.Release|x86.Build.0 = Release|Any CPU
		{F2F341D8-9EF7-48AC-85D5-98BBE2D6CE45}.Debug|Any CPU.ActiveCfg = Debug|Any CPU
		{F2F341D8-9EF7-48AC-85D5-98BBE2D6CE45}.Debug|Any CPU.Build.0 = Debug|Any CPU
		{F2F341D8-9EF7-48AC-85D5-98BBE2D6CE45}.Debug|x64.ActiveCfg = Debug|Any CPU
		{F2F341D8-9EF7-48AC-85D5-98BBE2D6CE45}.Debug|x64.Build.0 = Debug|Any CPU
		{F2F341D8-9EF7-48AC-85D5-98BBE2D6CE45}.Debug|x86.ActiveCfg = Debug|Any CPU
		{F2F341D8-9EF7-48AC-85D5-98BBE2D6CE45}.Debug|x86.Build.0 = Debug|Any CPU
		{F2F341D8-9EF7-48AC-85D5-98BBE2D6CE45}.Release|Any CPU.ActiveCfg = Release|Any CPU
		{F2F341D8-9EF7-48AC-85D5-98BBE2D6CE45}.Release|Any CPU.Build.0 = Release|Any CPU
		{F2F341D8-9EF7-48AC-85D5-98BBE2D6CE45}.Release|x64.ActiveCfg = Release|Any CPU
		{F2F341D8-9EF7-48AC-85D5-98BBE2D6CE45}.Release|x64.Build.0 = Release|Any CPU
		{F2F341D8-9EF7-48AC-85D5-98BBE2D6CE45}.Release|x86.ActiveCfg = Release|Any CPU
		{F2F341D8-9EF7-48AC-85D5-98BBE2D6CE45}.Release|x86.Build.0 = Release|Any CPU
		{327395D4-8F81-4BE6-A517-70A684EA0129}.Debug|Any CPU.ActiveCfg = Debug|Any CPU
		{327395D4-8F81-4BE6-A517-70A684EA0129}.Debug|Any CPU.Build.0 = Debug|Any CPU
		{327395D4-8F81-4BE6-A517-70A684EA0129}.Debug|x64.ActiveCfg = Debug|Any CPU
		{327395D4-8F81-4BE6-A517-70A684EA0129}.Debug|x64.Build.0 = Debug|Any CPU
		{327395D4-8F81-4BE6-A517-70A684EA0129}.Debug|x86.ActiveCfg = Debug|Any CPU
		{327395D4-8F81-4BE6-A517-70A684EA0129}.Debug|x86.Build.0 = Debug|Any CPU
		{327395D4-8F81-4BE6-A517-70A684EA0129}.Release|Any CPU.ActiveCfg = Release|Any CPU
		{327395D4-8F81-4BE6-A517-70A684EA0129}.Release|Any CPU.Build.0 = Release|Any CPU
		{327395D4-8F81-4BE6-A517-70A684EA0129}.Release|x64.ActiveCfg = Release|Any CPU
		{327395D4-8F81-4BE6-A517-70A684EA0129}.Release|x64.Build.0 = Release|Any CPU
		{327395D4-8F81-4BE6-A517-70A684EA0129}.Release|x86.ActiveCfg = Release|Any CPU
		{327395D4-8F81-4BE6-A517-70A684EA0129}.Release|x86.Build.0 = Release|Any CPU
	EndGlobalSection
	GlobalSection(SolutionProperties) = preSolution
		HideSolutionNode = FALSE
	EndGlobalSection
	GlobalSection(NestedProjects) = preSolution
		{D293BE7B-34F0-4EE7-807C-AE69302EDBE8} = {827E0CD3-B72D-47B6-A68D-7590B98EB39B}
		{62E9643A-51B9-4AB4-BEA7-1CCE010C4682} = {0AB3BF05-4346-4AA6-1389-037BE0695223}
	EndGlobalSection
EndGlobal
